{
  "originHash" : "6606d6d407fe49c9c9fe14f488ba9f66dd4ab06f24183fba48d6d59c0026f4f0",
  "pins" : [
    {
      "identity" : "echo",
      "kind" : "remoteSourceControl",
      "location" : "https://github.com/wisent-ai/echo.git",
      "state" : {
        "revision" : "7c4677dbc2cff315110510447dafbd69d1128792",
        "version" : "0.1.2"
      }
    },
    {
      "identity" : "wisent-components",
      "kind" : "remoteSourceControl",
      "location" : "https://github.com/wisent-ai/wisent-components.git",
      "state" : {
        "branch" : "528a955",
        "revision" : "528a955ef3912c39e7d40d7a18a5b5e93fb21772"
      }
    },
    {
      "identity" : "wisent-desktop-auth",
      "kind" : "remoteSourceControl",
      "location" : "https://github.com/wisent-ai/wisent-desktop-auth.git",
      "state" : {
        "branch" : "29cbd0d",
        "revision" : "29cbd0dca54b4b3a68dc5ddaea7eba70d76f609a"
      }
    },
    {
      "identity" : "wisent-errors",
      "kind" : "remoteSourceControl",
      "location" : "https://github.com/wisent-ai/wisent-errors",
      "state" : {
        "revision" : "92da74a839b5d3202183f0a850745f6fc205ed12"
      }
    }
  ],
  "version" : 3
}
