{
  "originHash" : "cbde0388072eb1330ec067024b4ff2b4a133d4a9d0a2077b05262d76e2ec3c34",
  "pins" : [
    {
      "identity" : "echo",
      "kind" : "remoteSourceControl",
      "location" : "https://github.com/wisent-ai/echo.git",
      "state" : {
        "revision" : "7c4677dbc2cff315110510447dafbd69d1128792",
        "version" : "0.1.2"
      }
    },
    {
      "identity" : "wisent-components",
      "kind" : "remoteSourceControl",
      "location" : "https://github.com/wisent-ai/wisent-components.git",
      "state" : {
        "revision" : "8229836fe8c91b421d916e2007f43b5d1844b757",
        "version" : "0.8.1"
      }
    },
    {
      "identity" : "wisent-desktop-auth",
      "kind" : "remoteSourceControl",
      "location" : "https://github.com/wisent-ai/wisent-desktop-auth.git",
      "state" : {
        "revision" : "04278efc4eb450464ef53f56d658504fbf13886b",
        "version" : "0.2.3"
      }
    },
    {
      "identity" : "wisent-errors",
      "kind" : "remoteSourceControl",
      "location" : "https://github.com/wisent-ai/wisent-errors",
      "state" : {
        "revision" : "b01a0c99766b5c6378ecdbf3921108420ba058f1",
        "version" : "1.0.0"
      }
    }
  ],
  "version" : 3
}
